
Microsoft Visual Studio Solution File, Format Version 12.00
# Visual Studio 2017
Project("{FAE04EC0-301F-11D3-BF4B-00C04F79EFBC}") = "ZoonityVR", "ZoonityVR.csproj", "{FDA1A899-D3C7-5AA4-6D8C-65C85CDA849F}"
EndProject
Project("{FAE04EC0-301F-11D3-BF4B-00C04F79EFBC}") = "ZoonityVR.Editor", "ZoonityVR.Editor.csproj", "{7B7DE2D3-AFE5-E9D6-C852-28D0AB9AC011}"
EndProject
Global
	GlobalSection(SolutionConfigurationPlatforms) = preSolution
		Debug|Any CPU = Debug|Any CPU
		Release|Any CPU = Release|Any CPU
	EndGlobalSection
	GlobalSection(ProjectConfigurationPlatforms) = postSolution
		{FDA1A899-D3C7-5AA4-6D8C-65C85CDA849F}.Debug|Any CPU.ActiveCfg = Debug|Any CPU
		{FDA1A899-D3C7-5AA4-6D8C-65C85CDA849F}.Debug|Any CPU.Build.0 = Debug|Any CPU
		{FDA1A899-D3C7-5AA4-6D8C-65C85CDA849F}.Release|Any CPU.ActiveCfg = Release|Any CPU
		{FDA1A899-D3C7-5AA4-6D8C-65C85CDA849F}.Release|Any CPU.Build.0 = Release|Any CPU
		{7B7DE2D3-AFE5-E9D6-C852-28D0AB9AC011}.Debug|Any CPU.ActiveCfg = Debug|Any CPU
		{7B7DE2D3-AFE5-E9D6-C852-28D0AB9AC011}.Debug|Any CPU.Build.0 = Debug|Any CPU
		{7B7DE2D3-AFE5-E9D6-C852-28D0AB9AC011}.Release|Any CPU.ActiveCfg = Release|Any CPU
		{7B7DE2D3-AFE5-E9D6-C852-28D0AB9AC011}.Release|Any CPU.Build.0 = Release|Any CPU
	EndGlobalSection
	GlobalSection(SolutionProperties) = preSolution
		HideSolutionNode = FALSE
	EndGlobalSection
EndGlobal
